// !$*UTF8*$!
{
	archiveVersion = 1;
	classes = {
	};
	objectVersion = 56;
	objects = {

/* Begin PBXBuildFile section */
		B50C4C792B9F14F2000BBD95 /* AppDelegate.swift in Sources */ = {isa = PBXBuildFile; fileRef = B50C4C782B9F14F2000BBD95 /* AppDelegate.swift */; };
		B50C4C7B2B9F14F2000BBD95 /* SceneDelegate.swift in Sources */ = {isa = PBXBuildFile; fileRef = B50C4C7A2B9F14F2000BBD95 /* SceneDelegate.swift */; };
		B50C4C7D2B9F14F2000BBD95 /* ViewController.swift in Sources */ = {isa = PBXBuildFile; fileRef = B50C4C7C2B9F14F2000BBD95 /* ViewController.swift */; };
		B50C4C822B9F14F4000BBD95 /* Assets.xcassets in Resources */ = {isa = PBXBuildFile; fileRef = B50C4C812B9F14F4000BBD95 /* Assets.xcassets */; };
		B50C4C852B9F14F4000BBD95 /* Base in Resources */ = {isa = PBXBuildFile; fileRef = B50C4C842B9F14F4000BBD95 /* Base */; };
		B518295E2BCA51D600C94ACD /* GFEmptyStateView.swift in Sources */ = {isa = PBXBuildFile; fileRef = B518295D2BCA51D600C94ACD /* GFEmptyStateView.swift */; };
		B51829602BCA6D2500C94ACD /* UserInfoVC.swift in Sources */ = {isa = PBXBuildFile; fileRef = B518295F2BCA6D2500C94ACD /* UserInfoVC.swift */; };
		B51829622BCA99E900C94ACD /* GFUserInfoHeaderVC.swift in Sources */ = {isa = PBXBuildFile; fileRef = B51829612BCA99E900C94ACD /* GFUserInfoHeaderVC.swift */; };
		B51829662BCA9B4000C94ACD /* GFSecondaryTitleLabelVC.swift in Sources */ = {isa = PBXBuildFile; fileRef = B51829652BCA9B4000C94ACD /* GFSecondaryTitleLabelVC.swift */; };
		B51829682BCAA79B00C94ACD /* Constants.swift in Sources */ = {isa = PBXBuildFile; fileRef = B51829672BCAA79B00C94ACD /* Constants.swift */; };
		B53B92AF2BD8ED1600F3171E /* GFRepoItemVC.swift in Sources */ = {isa = PBXBuildFile; fileRef = B53B92AE2BD8ED1600F3171E /* GFRepoItemVC.swift */; };
		B53B92B12BD8EFF100F3171E /* GFFollowerItemVC.swift in Sources */ = {isa = PBXBuildFile; fileRef = B53B92B02BD8EFF100F3171E /* GFFollowerItemVC.swift */; };
		B53B92B42BD8F86F00F3171E /* Date+Ext.swift in Sources */ = {isa = PBXBuildFile; fileRef = B53B92B32BD8F86F00F3171E /* Date+Ext.swift */; };
		B53B92B62BD8F8AD00F3171E /* String+Ext.swift in Sources */ = {isa = PBXBuildFile; fileRef = B53B92B52BD8F8AD00F3171E /* String+Ext.swift */; };
		B55D7BCF2BD832B0008E78F2 /* GFItemVC.swift in Sources */ = {isa = PBXBuildFile; fileRef = B55D7BCE2BD832B0008E78F2 /* GFItemVC.swift */; };
		B568956B2BA322B4002A8DEC /* GFTitleLabel.swift in Sources */ = {isa = PBXBuildFile; fileRef = B568956A2BA322B4002A8DEC /* GFTitleLabel.swift */; };
		B568956D2BA32463002A8DEC /* GFBodyLabel.swift in Sources */ = {isa = PBXBuildFile; fileRef = B568956C2BA32463002A8DEC /* GFBodyLabel.swift */; };
		B568956F2BA32723002A8DEC /* GFAlertViewController.swift in Sources */ = {isa = PBXBuildFile; fileRef = B568956E2BA32723002A8DEC /* GFAlertViewController.swift */; };
		B56895712BA37B1D002A8DEC /* UIViewontroller+Ext.swift in Sources */ = {isa = PBXBuildFile; fileRef = B56895702BA37B1D002A8DEC /* UIViewontroller+Ext.swift */; };
		B58DA3D02B9F23C400736585 /* SearchViewController.swift in Sources */ = {isa = PBXBuildFile; fileRef = B58DA3CF2B9F23C400736585 /* SearchViewController.swift */; };
		B58DA3D32B9F240C00736585 /* FavouritesViewController.swift in Sources */ = {isa = PBXBuildFile; fileRef = B58DA3D22B9F240C00736585 /* FavouritesViewController.swift */; };
		B58DA3D52B9F2A1400736585 /* GFButton.swift in Sources */ = {isa = PBXBuildFile; fileRef = B58DA3D42B9F2A1400736585 /* GFButton.swift */; };
		B58DA3D72B9F2D5E00736585 /* GFTextField.swift in Sources */ = {isa = PBXBuildFile; fileRef = B58DA3D62B9F2D5E00736585 /* GFTextField.swift */; };
		B5A763A82BD19B2F00B89F8C /* GFItemInfoView.swift in Sources */ = {isa = PBXBuildFile; fileRef = B5A763A72BD19B2F00B89F8C /* GFItemInfoView.swift */; };
		B5AA262B2BAF2A3D0051CAAD /* GFAvatarImageView.swift in Sources */ = {isa = PBXBuildFile; fileRef = B5AA262A2BAF2A3D0051CAAD /* GFAvatarImageView.swift */; };
		B5AA26302BAF57AD0051CAAD /* FollowerCollectionViewCell.swift in Sources */ = {isa = PBXBuildFile; fileRef = B5AA262F2BAF57AD0051CAAD /* FollowerCollectionViewCell.swift */; };
		B5D254432BC16252006EA67B /* UIHelper.swift in Sources */ = {isa = PBXBuildFile; fileRef = B5D254422BC16252006EA67B /* UIHelper.swift */; };
		B5EFCDCC2BAC45A000E0F8F9 /* Follower.swift in Sources */ = {isa = PBXBuildFile; fileRef = B5EFCDCB2BAC45A000E0F8F9 /* Follower.swift */; };
		B5EFCDCE2BAC487E00E0F8F9 /* User.swift in Sources */ = {isa = PBXBuildFile; fileRef = B5EFCDCD2BAC487E00E0F8F9 /* User.swift */; };
		B5EFCDD12BAC673F00E0F8F9 /* NetworkManager.swift in Sources */ = {isa = PBXBuildFile; fileRef = B5EFCDD02BAC673F00E0F8F9 /* NetworkManager.swift */; };
		B5EFCDD42BAEF47400E0F8F9 /* ErrorMessage.swift in Sources */ = {isa = PBXBuildFile; fileRef = B5EFCDD32BAEF47400E0F8F9 /* ErrorMessage.swift */; };
		B5F5EDE12BA08577006F1ACE /* FollowerListViewController.swift in Sources */ = {isa = PBXBuildFile; fileRef = B5F5EDE02BA08577006F1ACE /* FollowerListViewController.swift */; };
/* End PBXBuildFile section */

/* Begin PBXFileReference section */
		B50C4C752B9F14F2000BBD95 /* GitHubApp2.app */ = {isa = PBXFileReference; explicitFileType = wrapper.application; includeInIndex = 0; path = GitHubApp2.app; sourceTree = BUILT_PRODUCTS_DIR; };
		B50C4C782B9F14F2000BBD95 /* AppDelegate.swift */ = {isa = PBXFileReference; lastKnownFileType = sourcecode.swift; path = AppDelegate.swift; sourceTree = "<group>"; };
		B50C4C7A2B9F14F2000BBD95 /* SceneDelegate.swift */ = {isa = PBXFileReference; lastKnownFileType = sourcecode.swift; path = SceneDelegate.swift; sourceTree = "<group>"; };
		B50C4C7C2B9F14F2000BBD95 /* ViewController.swift */ = {isa = PBXFileReference; lastKnownFileType = sourcecode.swift; path = ViewController.swift; sourceTree = "<group>"; };
		B50C4C812B9F14F4000BBD95 /* Assets.xcassets */ = {isa = PBXFileReference; lastKnownFileType = folder.assetcatalog; path = Assets.xcassets; sourceTree = "<group>"; };
		B50C4C842B9F14F4000BBD95 /* Base */ = {isa = PBXFileReference; lastKnownFileType = file.storyboard; name = Base; path = Base.lproj/LaunchScreen.storyboard; sourceTree = "<group>"; };
		B50C4C862B9F14F4000BBD95 /* Info.plist */ = {isa = PBXFileReference; lastKnownFileType = text.plist.xml; path = Info.plist; sourceTree = "<group>"; };
		B518295D2BCA51D600C94ACD /* GFEmptyStateView.swift */ = {isa = PBXFileReference; lastKnownFileType = sourcecode.swift; path = GFEmptyStateView.swift; sourceTree = "<group>"; };
		B518295F2BCA6D2500C94ACD /* UserInfoVC.swift */ = {isa = PBXFileReference; lastKnownFileType = sourcecode.swift; path = UserInfoVC.swift; sourceTree = "<group>"; };
		B51829612BCA99E900C94ACD /* GFUserInfoHeaderVC.swift */ = {isa = PBXFileReference; lastKnownFileType = sourcecode.swift; path = GFUserInfoHeaderVC.swift; sourceTree = "<group>"; };
		B51829652BCA9B4000C94ACD /* GFSecondaryTitleLabelVC.swift */ = {isa = PBXFileReference; lastKnownFileType = sourcecode.swift; path = GFSecondaryTitleLabelVC.swift; sourceTree = "<group>"; };
		B51829672BCAA79B00C94ACD /* Constants.swift */ = {isa = PBXFileReference; lastKnownFileType = sourcecode.swift; path = Constants.swift; sourceTree = "<group>"; };
		B53B92AE2BD8ED1600F3171E /* GFRepoItemVC.swift */ = {isa = PBXFileReference; lastKnownFileType = sourcecode.swift; path = GFRepoItemVC.swift; sourceTree = "<group>"; };
		B53B92B02BD8EFF100F3171E /* GFFollowerItemVC.swift */ = {isa = PBXFileReference; lastKnownFileType = sourcecode.swift; path = GFFollowerItemVC.swift; sourceTree = "<group>"; };
		B53B92B32BD8F86F00F3171E /* Date+Ext.swift */ = {isa = PBXFileReference; lastKnownFileType = sourcecode.swift; path = "Date+Ext.swift"; sourceTree = "<group>"; };
		B53B92B52BD8F8AD00F3171E /* String+Ext.swift */ = {isa = PBXFileReference; lastKnownFileType = sourcecode.swift; path = "String+Ext.swift"; sourceTree = "<group>"; };
		B55D7BCE2BD832B0008E78F2 /* GFItemVC.swift */ = {isa = PBXFileReference; lastKnownFileType = sourcecode.swift; path = GFItemVC.swift; sourceTree = "<group>"; };
		B568956A2BA322B4002A8DEC /* GFTitleLabel.swift */ = {isa = PBXFileReference; lastKnownFileType = sourcecode.swift; path = GFTitleLabel.swift; sourceTree = "<group>"; };
		B568956C2BA32463002A8DEC /* GFBodyLabel.swift */ = {isa = PBXFileReference; lastKnownFileType = sourcecode.swift; path = GFBodyLabel.swift; sourceTree = "<group>"; };
		B568956E2BA32723002A8DEC /* GFAlertViewController.swift */ = {isa = PBXFileReference; lastKnownFileType = sourcecode.swift; path = GFAlertViewController.swift; sourceTree = "<group>"; };
		B56895702BA37B1D002A8DEC /* UIViewontroller+Ext.swift */ = {isa = PBXFileReference; lastKnownFileType = sourcecode.swift; path = "UIViewontroller+Ext.swift"; sourceTree = "<group>"; };
		B58DA3CF2B9F23C400736585 /* SearchViewController.swift */ = {isa = PBXFileReference; lastKnownFileType = sourcecode.swift; path = SearchViewController.swift; sourceTree = "<group>"; };
		B58DA3D22B9F240C00736585 /* FavouritesViewController.swift */ = {isa = PBXFileReference; lastKnownFileType = sourcecode.swift; path = FavouritesViewController.swift; sourceTree = "<group>"; };
		B58DA3D42B9F2A1400736585 /* GFButton.swift */ = {isa = PBXFileReference; lastKnownFileType = sourcecode.swift; path = GFButton.swift; sourceTree = "<group>"; };
		B58DA3D62B9F2D5E00736585 /* GFTextField.swift */ = {isa = PBXFileReference; lastKnownFileType = sourcecode.swift; path = GFTextField.swift; sourceTree = "<group>"; };
		B5A763A72BD19B2F00B89F8C /* GFItemInfoView.swift */ = {isa = PBXFileReference; lastKnownFileType = sourcecode.swift; path = GFItemInfoView.swift; sourceTree = "<group>"; };
		B5AA262A2BAF2A3D0051CAAD /* GFAvatarImageView.swift */ = {isa = PBXFileReference; lastKnownFileType = sourcecode.swift; path = GFAvatarImageView.swift; sourceTree = "<group>"; };
		B5AA262F2BAF57AD0051CAAD /* FollowerCollectionViewCell.swift */ = {isa = PBXFileReference; fileEncoding = 4; lastKnownFileType = sourcecode.swift; path = FollowerCollectionViewCell.swift; sourceTree = "<group>"; };
		B5D254422BC16252006EA67B /* UIHelper.swift */ = {isa = PBXFileReference; lastKnownFileType = sourcecode.swift; path = UIHelper.swift; sourceTree = "<group>"; };
		B5EFCDCB2BAC45A000E0F8F9 /* Follower.swift */ = {isa = PBXFileReference; lastKnownFileType = sourcecode.swift; path = Follower.swift; sourceTree = "<group>"; };
		B5EFCDCD2BAC487E00E0F8F9 /* User.swift */ = {isa = PBXFileReference; lastKnownFileType = sourcecode.swift; path = User.swift; sourceTree = "<group>"; };
		B5EFCDD02BAC673F00E0F8F9 /* NetworkManager.swift */ = {isa = PBXFileReference; lastKnownFileType = sourcecode.swift; path = NetworkManager.swift; sourceTree = "<group>"; };
		B5EFCDD32BAEF47400E0F8F9 /* ErrorMessage.swift */ = {isa = PBXFileReference; lastKnownFileType = sourcecode.swift; path = ErrorMessage.swift; sourceTree = "<group>"; };
		B5F5EDE02BA08577006F1ACE /* FollowerListViewController.swift */ = {isa = PBXFileReference; lastKnownFileType = sourcecode.swift; path = FollowerListViewController.swift; sourceTree = "<group>"; };
/* End PBXFileReference section */

/* Begin PBXFrameworksBuildPhase section */
		B50C4C722B9F14F2000BBD95 /* Frameworks */ = {
			isa = PBXFrameworksBuildPhase;
			buildActionMask = 2147483647;
			files = (
			);
			runOnlyForDeploymentPostprocessing = 0;
		};
/* End PBXFrameworksBuildPhase section */

/* Begin PBXGroup section */
		B50C4C6C2B9F14F2000BBD95 = {
			isa = PBXGroup;
			children = (
				B50C4C772B9F14F2000BBD95 /* GitHubApp2 */,
				B50C4C762B9F14F2000BBD95 /* Products */,
			);
			sourceTree = "<group>";
		};
		B50C4C762B9F14F2000BBD95 /* Products */ = {
			isa = PBXGroup;
			children = (
				B50C4C752B9F14F2000BBD95 /* GitHubApp2.app */,
			);
			name = Products;
			sourceTree = "<group>";
		};
		B50C4C772B9F14F2000BBD95 /* GitHubApp2 */ = {
			isa = PBXGroup;
			children = (
				B5EFCDC72BAC3A9400E0F8F9 /* Custom Views */,
				B5EFCDD22BAEF45800E0F8F9 /* Utilities */,
				B5EFCDCF2BAC66FB00E0F8F9 /* Managers */,
				B5EFCDC62BAC3A8900E0F8F9 /* Screens */,
				B5EFCDCA2BAC458D00E0F8F9 /* Model */,
				B5EFCDC92BAC3B6C00E0F8F9 /* Extensions */,
				B5EFCDC82BAC3A9A00E0F8F9 /* Support */,
				B50C4C862B9F14F4000BBD95 /* Info.plist */,
			);
			path = GitHubApp2;
			sourceTree = "<group>";
		};
		B51829572BCA50CD00C94ACD /* Views */ = {
			isa = PBXGroup;
			children = (
				B518295D2BCA51D600C94ACD /* GFEmptyStateView.swift */,
				B5A763A72BD19B2F00B89F8C /* GFItemInfoView.swift */,
			);
			path = Views;
			sourceTree = "<group>";
		};
		B51829582BCA50E000C94ACD /* TextFields */ = {
			isa = PBXGroup;
			children = (
				B58DA3D62B9F2D5E00736585 /* GFTextField.swift */,
			);
			path = TextFields;
			sourceTree = "<group>";
		};
		B51829592BCA50EE00C94ACD /* Buttons */ = {
			isa = PBXGroup;
			children = (
				B58DA3D42B9F2A1400736585 /* GFButton.swift */,
			);
			path = Buttons;
			sourceTree = "<group>";
		};
		B518295A2BCA511000C94ACD /* Labels */ = {
			isa = PBXGroup;
			children = (
				B568956A2BA322B4002A8DEC /* GFTitleLabel.swift */,
				B568956C2BA32463002A8DEC /* GFBodyLabel.swift */,
				B51829652BCA9B4000C94ACD /* GFSecondaryTitleLabelVC.swift */,
			);
			path = Labels;
			sourceTree = "<group>";
		};
		B518295B2BCA511A00C94ACD /* ImageViews */ = {
			isa = PBXGroup;
			children = (
				B5AA262A2BAF2A3D0051CAAD /* GFAvatarImageView.swift */,
			);
			path = ImageViews;
			sourceTree = "<group>";
		};
		B518295C2BCA512900C94ACD /* ViewControllers */ = {
			isa = PBXGroup;
			children = (
				B53B92B22BD8F06B00F3171E /* ItemInfoVCs */,
				B568956E2BA32723002A8DEC /* GFAlertViewController.swift */,
				B51829612BCA99E900C94ACD /* GFUserInfoHeaderVC.swift */,
			);
			path = ViewControllers;
			sourceTree = "<group>";
		};
		B53B92B22BD8F06B00F3171E /* ItemInfoVCs */ = {
			isa = PBXGroup;
			children = (
				B55D7BCE2BD832B0008E78F2 /* GFItemVC.swift */,
				B53B92AE2BD8ED1600F3171E /* GFRepoItemVC.swift */,
				B53B92B02BD8EFF100F3171E /* GFFollowerItemVC.swift */,
			);
			path = ItemInfoVCs;
			sourceTree = "<group>";
		};
		B5AA26272BAF26D10051CAAD /* Cells */ = {
			isa = PBXGroup;
			children = (
				B5AA262F2BAF57AD0051CAAD /* FollowerCollectionViewCell.swift */,
			);
			path = Cells;
			sourceTree = "<group>";
		};
		B5EFCDC62BAC3A8900E0F8F9 /* Screens */ = {
			isa = PBXGroup;
			children = (
				B5F5EDE02BA08577006F1ACE /* FollowerListViewController.swift */,
				B58DA3D22B9F240C00736585 /* FavouritesViewController.swift */,
				B58DA3CF2B9F23C400736585 /* SearchViewController.swift */,
				B518295F2BCA6D2500C94ACD /* UserInfoVC.swift */,
			);
			path = Screens;
			sourceTree = "<group>";
		};
		B5EFCDC72BAC3A9400E0F8F9 /* Custom Views */ = {
			isa = PBXGroup;
			children = (
				B518295C2BCA512900C94ACD /* ViewControllers */,
				B518295B2BCA511A00C94ACD /* ImageViews */,
				B518295A2BCA511000C94ACD /* Labels */,
				B51829592BCA50EE00C94ACD /* Buttons */,
				B51829582BCA50E000C94ACD /* TextFields */,
				B51829572BCA50CD00C94ACD /* Views */,
				B5AA26272BAF26D10051CAAD /* Cells */,
			);
			path = "Custom Views";
			sourceTree = "<group>";
		};
		B5EFCDC82BAC3A9A00E0F8F9 /* Support */ = {
			isa = PBXGroup;
			children = (
				B50C4C782B9F14F2000BBD95 /* AppDelegate.swift */,
				B50C4C7A2B9F14F2000BBD95 /* SceneDelegate.swift */,
				B50C4C7C2B9F14F2000BBD95 /* ViewController.swift */,
				B50C4C812B9F14F4000BBD95 /* Assets.xcassets */,
				B50C4C832B9F14F4000BBD95 /* LaunchScreen.storyboard */,
			);
			path = Support;
			sourceTree = "<group>";
		};
		B5EFCDC92BAC3B6C00E0F8F9 /* Extensions */ = {
			isa = PBXGroup;
			children = (
				B56895702BA37B1D002A8DEC /* UIViewontroller+Ext.swift */,
				B53B92B32BD8F86F00F3171E /* Date+Ext.swift */,
				B53B92B52BD8F8AD00F3171E /* String+Ext.swift */,
			);
			path = Extensions;
			sourceTree = "<group>";
		};
		B5EFCDCA2BAC458D00E0F8F9 /* Model */ = {
			isa = PBXGroup;
			children = (
				B5EFCDCB2BAC45A000E0F8F9 /* Follower.swift */,
				B5EFCDCD2BAC487E00E0F8F9 /* User.swift */,
			);
			path = Model;
			sourceTree = "<group>";
		};
		B5EFCDCF2BAC66FB00E0F8F9 /* Managers */ = {
			isa = PBXGroup;
			children = (
				B5EFCDD02BAC673F00E0F8F9 /* NetworkManager.swift */,
			);
			path = Managers;
			sourceTree = "<group>";
		};
		B5EFCDD22BAEF45800E0F8F9 /* Utilities */ = {
			isa = PBXGroup;
			children = (
				B5EFCDD32BAEF47400E0F8F9 /* ErrorMessage.swift */,
				B5D254422BC16252006EA67B /* UIHelper.swift */,
				B51829672BCAA79B00C94ACD /* Constants.swift */,
			);
			path = Utilities;
			sourceTree = "<group>";
		};
/* End PBXGroup section */

/* Begin PBXNativeTarget section */
		B50C4C742B9F14F2000BBD95 /* GitHubApp2 */ = {
			isa = PBXNativeTarget;
			buildConfigurationList = B50C4C892B9F14F4000BBD95 /* Build configuration list for PBXNativeTarget "GitHubApp2" */;
			buildPhases = (
				B50C4C712B9F14F2000BBD95 /* Sources */,
				B50C4C722B9F14F2000BBD95 /* Frameworks */,
				B50C4C732B9F14F2000BBD95 /* Resources */,
			);
			buildRules = (
			);
			dependencies = (
			);
			name = GitHubApp2;
			productName = GitHubApp2;
			productReference = B50C4C752B9F14F2000BBD95 /* GitHubApp2.app */;
			productType = "com.apple.product-type.application";
		};
/* End PBXNativeTarget section */

/* Begin PBXProject section */
		B50C4C6D2B9F14F2000BBD95 /* Project object */ = {
			isa = PBXProject;
			attributes = {
				BuildIndependentTargetsInParallel = 1;
				LastSwiftUpdateCheck = 1530;
				LastUpgradeCheck = 1530;
				TargetAttributes = {
					B50C4C742B9F14F2000BBD95 = {
						CreatedOnToolsVersion = 15.3;
					};
				};
			};
			buildConfigurationList = B50C4C702B9F14F2000BBD95 /* Build configuration list for PBXProject "GitHubApp2" */;
			compatibilityVersion = "Xcode 14.0";
			developmentRegion = en;
			hasScannedForEncodings = 0;
			knownRegions = (
				en,
				Base,
			);
			mainGroup = B50C4C6C2B9F14F2000BBD95;
			productRefGroup = B50C4C762B9F14F2000BBD95 /* Products */;
			projectDirPath = "";
			projectRoot = "";
			targets = (
				B50C4C742B9F14F2000BBD95 /* GitHubApp2 */,
			);
		};
/* End PBXProject section */

/* Begin PBXResourcesBuildPhase section */
		B50C4C732B9F14F2000BBD95 /* Resources */ = {
			isa = PBXResourcesBuildPhase;
			buildActionMask = 2147483647;
			files = (
				B50C4C822B9F14F4000BBD95 /* Assets.xcassets in Resources */,
				B50C4C852B9F14F4000BBD95 /* Base in Resources */,
			);
			runOnlyForDeploymentPostprocessing = 0;
		};
/* End PBXResourcesBuildPhase section */

/* Begin PBXSourcesBuildPhase section */
		B50C4C712B9F14F2000BBD95 /* Sources */ = {
			isa = PBXSourcesBuildPhase;
			buildActionMask = 2147483647;
			files = (
				B5F5EDE12BA08577006F1ACE /* FollowerListViewController.swift in Sources */,
				B56895712BA37B1D002A8DEC /* UIViewontroller+Ext.swift in Sources */,
				B50C4C7D2B9F14F2000BBD95 /* ViewController.swift in Sources */,
				B51829622BCA99E900C94ACD /* GFUserInfoHeaderVC.swift in Sources */,
				B50C4C792B9F14F2000BBD95 /* AppDelegate.swift in Sources */,
				B58DA3D52B9F2A1400736585 /* GFButton.swift in Sources */,
				B518295E2BCA51D600C94ACD /* GFEmptyStateView.swift in Sources */,
				B58DA3D02B9F23C400736585 /* SearchViewController.swift in Sources */,
				B5EFCDCE2BAC487E00E0F8F9 /* User.swift in Sources */,
				B5AA262B2BAF2A3D0051CAAD /* GFAvatarImageView.swift in Sources */,
				B568956F2BA32723002A8DEC /* GFAlertViewController.swift in Sources */,
				B51829662BCA9B4000C94ACD /* GFSecondaryTitleLabelVC.swift in Sources */,
				B53B92AF2BD8ED1600F3171E /* GFRepoItemVC.swift in Sources */,
				B5AA26302BAF57AD0051CAAD /* FollowerCollectionViewCell.swift in Sources */,
				B51829602BCA6D2500C94ACD /* UserInfoVC.swift in Sources */,
				B5EFCDCC2BAC45A000E0F8F9 /* Follower.swift in Sources */,
				B58DA3D32B9F240C00736585 /* FavouritesViewController.swift in Sources */,
				B55D7BCF2BD832B0008E78F2 /* GFItemVC.swift in Sources */,
				B53B92B62BD8F8AD00F3171E /* String+Ext.swift in Sources */,
				B568956B2BA322B4002A8DEC /* GFTitleLabel.swift in Sources */,
				B50C4C7B2B9F14F2000BBD95 /* SceneDelegate.swift in Sources */,
				B53B92B12BD8EFF100F3171E /* GFFollowerItemVC.swift in Sources */,
				B5EFCDD42BAEF47400E0F8F9 /* ErrorMessage.swift in Sources */,
				B5D254432BC16252006EA67B /* UIHelper.swift in Sources */,
				B53B92B42BD8F86F00F3171E /* Date+Ext.swift in Sources */,
				B5EFCDD12BAC673F00E0F8F9 /* NetworkManager.swift in Sources */,
				B58DA3D72B9F2D5E00736585 /* GFTextField.swift in Sources */,
				B5A763A82BD19B2F00B89F8C /* GFItemInfoView.swift in Sources */,
				B568956D2BA32463002A8DEC /* GFBodyLabel.swift in Sources */,
				B51829682BCAA79B00C94ACD /* Constants.swift in Sources */,
			);
			runOnlyForDeploymentPostprocessing = 0;
		};
/* End PBXSourcesBuildPhase section */

/* Begin PBXVariantGroup section */
		B50C4C832B9F14F4000BBD95 /* LaunchScreen.storyboard */ = {
			isa = PBXVariantGroup;
			children = (
				B50C4C842B9F14F4000BBD95 /* Base */,
			);
			name = LaunchScreen.storyboard;
			sourceTree = "<group>";
		};
/* End PBXVariantGroup section */

/* Begin XCBuildConfiguration section */
		B50C4C872B9F14F4000BBD95 /* Debug */ = {
			isa = XCBuildConfiguration;
			buildSettings = {
				ALWAYS_SEARCH_USER_PATHS = NO;
				ASSETCATALOG_COMPILER_GENERATE_SWIFT_ASSET_SYMBOL_EXTENSIONS = YES;
				CLANG_ANALYZER_NONNULL = YES;
				CLANG_ANALYZER_NUMBER_OBJECT_CONVERSION = YES_AGGRESSIVE;
				CLANG_CXX_LANGUAGE_STANDARD = "gnu++20";
				CLANG_ENABLE_MODULES = YES;
				CLANG_ENABLE_OBJC_ARC = YES;
				CLANG_ENABLE_OBJC_WEAK = YES;
				CLANG_WARN_BLOCK_CAPTURE_AUTORELEASING = YES;
				CLANG_WARN_BOOL_CONVERSION = YES;
				CLANG_WARN_COMMA = YES;
				CLANG_WARN_CONSTANT_CONVERSION = YES;
				CLANG_WARN_DEPRECATED_OBJC_IMPLEMENTATIONS = YES;
				CLANG_WARN_DIRECT_OBJC_ISA_USAGE = YES_ERROR;
				CLANG_WARN_DOCUMENTATION_COMMENTS = YES;
				CLANG_WARN_EMPTY_BODY = YES;
				CLANG_WARN_ENUM_CONVERSION = YES;
				CLANG_WARN_INFINITE_RECURSION = YES;
				CLANG_WARN_INT_CONVERSION = YES;
				CLANG_WARN_NON_LITERAL_NULL_CONVERSION = YES;
				CLANG_WARN_OBJC_IMPLICIT_RETAIN_SELF = YES;
				CLANG_WARN_OBJC_LITERAL_CONVERSION = YES;
				CLANG_WARN_OBJC_ROOT_CLASS = YES_ERROR;
				CLANG_WARN_QUOTED_INCLUDE_IN_FRAMEWORK_HEADER = YES;
				CLANG_WARN_RANGE_LOOP_ANALYSIS = YES;
				CLANG_WARN_STRICT_PROTOTYPES = YES;
				CLANG_WARN_SUSPICIOUS_MOVE = YES;
				CLANG_WARN_UNGUARDED_AVAILABILITY = YES_AGGRESSIVE;
				CLANG_WARN_UNREACHABLE_CODE = YES;
				CLANG_WARN__DUPLICATE_METHOD_MATCH = YES;
				COPY_PHASE_STRIP = NO;
				DEBUG_INFORMATION_FORMAT = dwarf;
				ENABLE_STRICT_OBJC_MSGSEND = YES;
				ENABLE_TESTABILITY = YES;
				ENABLE_USER_SCRIPT_SANDBOXING = YES;
				GCC_C_LANGUAGE_STANDARD = gnu17;
				GCC_DYNAMIC_NO_PIC = NO;
				GCC_NO_COMMON_BLOCKS = YES;
				GCC_OPTIMIZATION_LEVEL = 0;
				GCC_PREPROCESSOR_DEFINITIONS = (
					"DEBUG=1",
					"$(inherited)",
				);
				GCC_WARN_64_TO_32_BIT_CONVERSION = YES;
				GCC_WARN_ABOUT_RETURN_TYPE = YES_ERROR;
				GCC_WARN_UNDECLARED_SELECTOR = YES;
				GCC_WARN_UNINITIALIZED_AUTOS = YES_AGGRESSIVE;
				GCC_WARN_UNUSED_FUNCTION = YES;
				GCC_WARN_UNUSED_VARIABLE = YES;
				IPHONEOS_DEPLOYMENT_TARGET = 17.4;
				LOCALIZATION_PREFERS_STRING_CATALOGS = YES;
				MTL_ENABLE_DEBUG_INFO = INCLUDE_SOURCE;
				MTL_FAST_MATH = YES;
				ONLY_ACTIVE_ARCH = YES;
				SDKROOT = iphoneos;
				SWIFT_ACTIVE_COMPILATION_CONDITIONS = "DEBUG $(inherited)";
				SWIFT_OPTIMIZATION_LEVEL = "-Onone";
			};
			name = Debug;
		};
		B50C4C882B9F14F4000BBD95 /* Release */ = {
			isa = XCBuildConfiguration;
			buildSettings = {
				ALWAYS_SEARCH_USER_PATHS = NO;
				ASSETCATALOG_COMPILER_GENERATE_SWIFT_ASSET_SYMBOL_EXTENSIONS = YES;
				CLANG_ANALYZER_NONNULL = YES;
				CLANG_ANALYZER_NUMBER_OBJECT_CONVERSION = YES_AGGRESSIVE;
				CLANG_CXX_LANGUAGE_STANDARD = "gnu++20";
				CLANG_ENABLE_MODULES = YES;
				CLANG_ENABLE_OBJC_ARC = YES;
				CLANG_ENABLE_OBJC_WEAK = YES;
				CLANG_WARN_BLOCK_CAPTURE_AUTORELEASING = YES;
				CLANG_WARN_BOOL_CONVERSION = YES;
				CLANG_WARN_COMMA = YES;
				CLANG_WARN_CONSTANT_CONVERSION = YES;
				CLANG_WARN_DEPRECATED_OBJC_IMPLEMENTATIONS = YES;
				CLANG_WARN_DIRECT_OBJC_ISA_USAGE = YES_ERROR;
				CLANG_WARN_DOCUMENTATION_COMMENTS = YES;
				CLANG_WARN_EMPTY_BODY = YES;
				CLANG_WARN_ENUM_CONVERSION = YES;
				CLANG_WARN_INFINITE_RECURSION = YES;
				CLANG_WARN_INT_CONVERSION = YES;
				CLANG_WARN_NON_LITERAL_NULL_CONVERSION = YES;
				CLANG_WARN_OBJC_IMPLICIT_RETAIN_SELF = YES;
				CLANG_WARN_OBJC_LITERAL_CONVERSION = YES;
				CLANG_WARN_OBJC_ROOT_CLASS = YES_ERROR;
				CLANG_WARN_QUOTED_INCLUDE_IN_FRAMEWORK_HEADER = YES;
				CLANG_WARN_RANGE_LOOP_ANALYSIS = YES;
				CLANG_WARN_STRICT_PROTOTYPES = YES;
				CLANG_WARN_SUSPICIOUS_MOVE = YES;
				CLANG_WARN_UNGUARDED_AVAILABILITY = YES_AGGRESSIVE;
				CLANG_WARN_UNREACHABLE_CODE = YES;
				CLANG_WARN__DUPLICATE_METHOD_MATCH = YES;
				COPY_PHASE_STRIP = NO;
				DEBUG_INFORMATION_FORMAT = "dwarf-with-dsym";
				ENABLE_NS_ASSERTIONS = NO;
				ENABLE_STRICT_OBJC_MSGSEND = YES;
				ENABLE_USER_SCRIPT_SANDBOXING = YES;
				GCC_C_LANGUAGE_STANDARD = gnu17;
				GCC_NO_COMMON_BLOCKS = YES;
				GCC_WARN_64_TO_32_BIT_CONVERSION = YES;
				GCC_WARN_ABOUT_RETURN_TYPE = YES_ERROR;
				GCC_WARN_UNDECLARED_SELECTOR = YES;
				GCC_WARN_UNINITIALIZED_AUTOS = YES_AGGRESSIVE;
				GCC_WARN_UNUSED_FUNCTION = YES;
				GCC_WARN_UNUSED_VARIABLE = YES;
				IPHONEOS_DEPLOYMENT_TARGET = 17.4;
				LOCALIZATION_PREFERS_STRING_CATALOGS = YES;
				MTL_ENABLE_DEBUG_INFO = NO;
				MTL_FAST_MATH = YES;
				SDKROOT = iphoneos;
				SWIFT_COMPILATION_MODE = wholemodule;
				VALIDATE_PRODUCT = YES;
			};
			name = Release;
		};
		B50C4C8A2B9F14F4000BBD95 /* Debug */ = {
			isa = XCBuildConfiguration;
			buildSettings = {
				ASSETCATALOG_COMPILER_APPICON_NAME = AppIcon;
				ASSETCATALOG_COMPILER_GLOBAL_ACCENT_COLOR_NAME = AccentColor;
				CODE_SIGN_STYLE = Automatic;
				CURRENT_PROJECT_VERSION = 1;
				DEVELOPMENT_TEAM = GXVSXTLN4V;
				GENERATE_INFOPLIST_FILE = YES;
				INFOPLIST_FILE = GitHubApp2/Info.plist;
				INFOPLIST_KEY_CFBundleDisplayName = "GitHub App 2";
				INFOPLIST_KEY_UIApplicationSupportsIndirectInputEvents = YES;
				INFOPLIST_KEY_UILaunchStoryboardName = LaunchScreen;
				INFOPLIST_KEY_UISupportedInterfaceOrientations = UIInterfaceOrientationPortrait;
				INFOPLIST_KEY_UISupportedInterfaceOrientations_iPad = "UIInterfaceOrientationLandscapeLeft UIInterfaceOrientationLandscapeRight UIInterfaceOrientationPortrait UIInterfaceOrientationPortraitUpsideDown";
				IPHONEOS_DEPLOYMENT_TARGET = 16.4;
				LD_RUNPATH_SEARCH_PATHS = (
					"$(inherited)",
					"@executable_path/Frameworks",
				);
				MARKETING_VERSION = 1.0;
				PRODUCT_BUNDLE_IDENTIFIER = com.amrakh.GitHubApp2;
				PRODUCT_NAME = "$(TARGET_NAME)";
				SUPPORTED_PLATFORMS = "iphoneos iphonesimulator";
				SUPPORTS_MACCATALYST = NO;
				SUPPORTS_MAC_DESIGNED_FOR_IPHONE_IPAD = NO;
				SUPPORTS_XR_DESIGNED_FOR_IPHONE_IPAD = NO;
				SWIFT_EMIT_LOC_STRINGS = YES;
				SWIFT_VERSION = 5.0;
				TARGETED_DEVICE_FAMILY = 1;
			};
			name = Debug;
		};
		B50C4C8B2B9F14F4000BBD95 /* Release */ = {
			isa = XCBuildConfiguration;
			buildSettings = {
				ASSETCATALOG_COMPILER_APPICON_NAME = AppIcon;
				ASSETCATALOG_COMPILER_GLOBAL_ACCENT_COLOR_NAME = AccentColor;
				CODE_SIGN_STYLE = Automatic;
				CURRENT_PROJECT_VERSION = 1;
				DEVELOPMENT_TEAM = GXVSXTLN4V;
				GENERATE_INFOPLIST_FILE = YES;
				INFOPLIST_FILE = GitHubApp2/Info.plist;
				INFOPLIST_KEY_CFBundleDisplayName = "GitHub App 2";
				INFOPLIST_KEY_UIApplicationSupportsIndirectInputEvents = YES;
				INFOPLIST_KEY_UILaunchStoryboardName = LaunchScreen;
				INFOPLIST_KEY_UISupportedInterfaceOrientations = UIInterfaceOrientationPortrait;
				INFOPLIST_KEY_UISupportedInterfaceOrientations_iPad = "UIInterfaceOrientationLandscapeLeft UIInterfaceOrientationLandscapeRight UIInterfaceOrientationPortrait UIInterfaceOrientationPortraitUpsideDown";
				IPHONEOS_DEPLOYMENT_TARGET = 16.4;
				LD_RUNPATH_SEARCH_PATHS = (
					"$(inherited)",
					"@executable_path/Frameworks",
				);
				MARKETING_VERSION = 1.0;
				PRODUCT_BUNDLE_IDENTIFIER = com.amrakh.GitHubApp2;
				PRODUCT_NAME = "$(TARGET_NAME)";
				SUPPORTED_PLATFORMS = "iphoneos iphonesimulator";
				SUPPORTS_MACCATALYST = NO;
				SUPPORTS_MAC_DESIGNED_FOR_IPHONE_IPAD = NO;
				SUPPORTS_XR_DESIGNED_FOR_IPHONE_IPAD = NO;
				SWIFT_EMIT_LOC_STRINGS = YES;
				SWIFT_VERSION = 5.0;
				TARGETED_DEVICE_FAMILY = 1;
			};
			name = Release;
		};
/* End XCBuildConfiguration section */

/* Begin XCConfigurationList section */
		B50C4C702B9F14F2000BBD95 /* Build configuration list for PBXProject "GitHubApp2" */ = {
			isa = XCConfigurationList;
			buildConfigurations = (
				B50C4C872B9F14F4000BBD95 /* Debug */,
				B50C4C882B9F14F4000BBD95 /* Release */,
			);
			defaultConfigurationIsVisible = 0;
			defaultConfigurationName = Release;
		};
		B50C4C892B9F14F4000BBD95 /* Build configuration list for PBXNativeTarget "GitHubApp2" */ = {
			isa = XCConfigurationList;
			buildConfigurations = (
				B50C4C8A2B9F14F4000BBD95 /* Debug */,
				B50C4C8B2B9F14F4000BBD95 /* Release */,
			);
			defaultConfigurationIsVisible = 0;
			defaultConfigurationName = Release;
		};
/* End XCConfigurationList section */
	};
	rootObject = B50C4C6D2B9F14F2000BBD95 /* Project object */;
}
